lockfileVersion: 5.3

specifiers:
  '@types/lodash-es': ^4.17.6
  lodash-es: ^4.17.21
  typescript: ^4.6.3

dependencies:
  lodash-es: 4.17.21

devDependencies:
  '@types/lodash-es': 4.17.6
  typescript: 4.6.3

packages:

  /@types/lodash-es/4.17.6:
    resolution: {integrity: sha512-R+zTeVUKDdfoRxpAryaQNRKk3105Rrgx2CFRClIgRGaqDTdjsm8h6IYA8ir584W3ePzkZfst5xIgDwYrlh9HLg==}
    dependencies:
      '@types/lodash': 4.14.181
    dev: true

  /@types/lodash/4.14.181:
    resolution: {integrity: sha512-n3tyKthHJbkiWhDZs3DkhkCzt2MexYHXlX0td5iMplyfwketaOeKboEVBqzceH7juqvEg3q5oUoBFxSLu7zFag==}
    dev: true

  /lodash-es/4.17.21:
    resolution: {integrity: sha512-mKnC+QJ9pWVzv+C4/U3rRsHapFfHvQFoFB92e52xeyGMcX6/OlIl78je1u8vePzYZSkkogMPJ2yjxxsb89cxyw==}
    dev: false

  /typescript/4.6.3:
    resolution: {integrity: sha512-yNIatDa5iaofVozS/uQJEl3JRWLKKGJKh6Yaiv0GLGSuhpFJe7P3SbHZ8/yjAHRQwKRoA6YZqlfjXWmVzoVSMw==}
    engines: {node: '>=4.2.0'}
    hasBin: true
    dev: true
